
Microsoft Visual Studio Solution File, Format Version 12.00
# Visual Studio 15
VisualStudioVersion = 15.0.28010.2050
MinimumVisualStudioVersion = 10.0.40219.1
Project("{FAE04EC0-301F-11D3-BF4B-00C04F79EFBC}") = "BookingApp", "Booking\BookingApp.csproj", "{A00922D4-DB84-4991-B162-8D6D788BF681}"
EndProject
Project("{FAE04EC0-301F-11D3-BF4B-00C04F79EFBC}") = "BookingTestV1", "BookingTestV1\BookingTestV1.csproj", "{6C391E34-77B8-408D-B9C2-981DB034AA07}"
EndProject
Global
	GlobalSection(SolutionConfigurationPlatforms) = preSolution
		Debug|Any CPU = Debug|Any CPU
		Release|Any CPU = Release|Any CPU
	EndGlobalSection
	GlobalSection(ProjectConfigurationPlatforms) = postSolution
		{A00922D4-DB84-4991-B162-8D6D788BF681}.Debug|Any CPU.ActiveCfg = Debug|Any CPU
		{A00922D4-DB84-4991-B162-8D6D788BF681}.Debug|Any CPU.Build.0 = Debug|Any CPU
		{A00922D4-DB84-4991-B162-8D6D788BF681}.Release|Any CPU.ActiveCfg = Release|Any CPU
		{A00922D4-DB84-4991-B162-8D6D788BF681}.Release|Any CPU.Build.0 = Release|Any CPU
		{6C391E34-77B8-408D-B9C2-981DB034AA07}.Debug|Any CPU.ActiveCfg = Debug|Any CPU
		{6C391E34-77B8-408D-B9C2-981DB034AA07}.Debug|Any CPU.Build.0 = Debug|Any CPU
		{6C391E34-77B8-408D-B9C2-981DB034AA07}.Release|Any CPU.ActiveCfg = Release|Any CPU
		{6C391E34-77B8-408D-B9C2-981DB034AA07}.Release|Any CPU.Build.0 = Release|Any CPU
	EndGlobalSection
	GlobalSection(SolutionProperties) = preSolution
		HideSolutionNode = FALSE
	EndGlobalSection
	GlobalSection(ExtensibilityGlobals) = postSolution
		SolutionGuid = {5F51D737-3278-4DDB-A388-56A03C46F2CB}
	EndGlobalSection
EndGlobal
